
Microsoft Visual Studio Solution File, Format Version 12.00
# Visual Studio Version 17
VisualStudioVersion = 17.7.34202.233
MinimumVisualStudioVersion = 10.0.40219.1
Project("{FAE04EC0-301F-11D3-BF4B-00C04F79EFBC}") = "TiposDados04", "TiposDados04\TiposDados04.csproj", "{5251E6C2-BE68-471D-9127-37B2F7874E07}"
EndProject
Global
	GlobalSection(SolutionConfigurationPlatforms) = preSolution
		Debug|Any CPU = Debug|Any CPU
		Release|Any CPU = Release|Any CPU
	EndGlobalSection
	GlobalSection(ProjectConfigurationPlatforms) = postSolution
		{5251E6C2-BE68-471D-9127-37B2F7874E07}.Debug|Any CPU.ActiveCfg = Debug|Any CPU
		{5251E6C2-BE68-471D-9127-37B2F7874E07}.Debug|Any CPU.Build.0 = Debug|Any CPU
		{5251E6C2-BE68-471D-9127-37B2F7874E07}.Release|Any CPU.ActiveCfg = Release|Any CPU
		{5251E6C2-BE68-471D-9127-37B2F7874E07}.Release|Any CPU.Build.0 = Release|Any CPU
	EndGlobalSection
	GlobalSection(SolutionProperties) = preSolution
		HideSolutionNode = FALSE
	EndGlobalSection
	GlobalSection(ExtensibilityGlobals) = postSolution
		SolutionGuid = {A9A2748F-671A-43E4-B609-C367C58FC17C}
	EndGlobalSection
EndGlobal
