
Microsoft Visual Studio Solution File, Format Version 12.00
# Visual Studio Version 17
VisualStudioVersion = 17.7.34202.233
MinimumVisualStudioVersion = 10.0.40219.1
Project("{FAE04EC0-301F-11D3-BF4B-00C04F79EFBC}") = "TiposDados02", "TiposDados02\TiposDados02.csproj", "{FF4120B5-DF31-410B-9C32-3AE687EBB4EE}"
EndProject
Global
	GlobalSection(SolutionConfigurationPlatforms) = preSolution
		Debug|Any CPU = Debug|Any CPU
		Release|Any CPU = Release|Any CPU
	EndGlobalSection
	GlobalSection(ProjectConfigurationPlatforms) = postSolution
		{FF4120B5-DF31-410B-9C32-3AE687EBB4EE}.Debug|Any CPU.ActiveCfg = Debug|Any CPU
		{FF4120B5-DF31-410B-9C32-3AE687EBB4EE}.Debug|Any CPU.Build.0 = Debug|Any CPU
		{FF4120B5-DF31-410B-9C32-3AE687EBB4EE}.Release|Any CPU.ActiveCfg = Release|Any CPU
		{FF4120B5-DF31-410B-9C32-3AE687EBB4EE}.Release|Any CPU.Build.0 = Release|Any CPU
	EndGlobalSection
	GlobalSection(SolutionProperties) = preSolution
		HideSolutionNode = FALSE
	EndGlobalSection
	GlobalSection(ExtensibilityGlobals) = postSolution
		SolutionGuid = {0C9F7FD2-1493-4296-90D3-B56DF1EB5095}
	EndGlobalSection
EndGlobal
