
Microsoft Visual Studio Solution File, Format Version 12.00
# Visual Studio Version 17
VisualStudioVersion = 17.9.34607.119
MinimumVisualStudioVersion = 10.0.40219.1
Project("{FAE04EC0-301F-11D3-BF4B-00C04F79EFBC}") = "TiposDeDados1", "TiposDeDados1\TiposDeDados1.csproj", "{9254CC7C-40DC-4514-8BB6-D4ADCD3F885B}"
EndProject
Global
	GlobalSection(SolutionConfigurationPlatforms) = preSolution
		Debug|Any CPU = Debug|Any CPU
		Release|Any CPU = Release|Any CPU
	EndGlobalSection
	GlobalSection(ProjectConfigurationPlatforms) = postSolution
		{9254CC7C-40DC-4514-8BB6-D4ADCD3F885B}.Debug|Any CPU.ActiveCfg = Debug|Any CPU
		{9254CC7C-40DC-4514-8BB6-D4ADCD3F885B}.Debug|Any CPU.Build.0 = Debug|Any CPU
		{9254CC7C-40DC-4514-8BB6-D4ADCD3F885B}.Release|Any CPU.ActiveCfg = Release|Any CPU
		{9254CC7C-40DC-4514-8BB6-D4ADCD3F885B}.Release|Any CPU.Build.0 = Release|Any CPU
	EndGlobalSection
	GlobalSection(SolutionProperties) = preSolution
		HideSolutionNode = FALSE
	EndGlobalSection
	GlobalSection(ExtensibilityGlobals) = postSolution
		SolutionGuid = {495D84DC-C738-48BB-9E58-3A515380DC67}
	EndGlobalSection
EndGlobal
