
Microsoft Visual Studio Solution File, Format Version 12.00
# Visual Studio Version 17
VisualStudioVersion = 17.7.34202.233
MinimumVisualStudioVersion = 10.0.40219.1
Project("{FAE04EC0-301F-11D3-BF4B-00C04F79EFBC}") = "ClasseArray", "ClasseArray\ClasseArray.csproj", "{87160364-1A37-44C2-AF0D-7131DF5EB15C}"
EndProject
Global
	GlobalSection(SolutionConfigurationPlatforms) = preSolution
		Debug|Any CPU = Debug|Any CPU
		Release|Any CPU = Release|Any CPU
	EndGlobalSection
	GlobalSection(ProjectConfigurationPlatforms) = postSolution
		{87160364-1A37-44C2-AF0D-7131DF5EB15C}.Debug|Any CPU.ActiveCfg = Debug|Any CPU
		{87160364-1A37-44C2-AF0D-7131DF5EB15C}.Debug|Any CPU.Build.0 = Debug|Any CPU
		{87160364-1A37-44C2-AF0D-7131DF5EB15C}.Release|Any CPU.ActiveCfg = Release|Any CPU
		{87160364-1A37-44C2-AF0D-7131DF5EB15C}.Release|Any CPU.Build.0 = Release|Any CPU
	EndGlobalSection
	GlobalSection(SolutionProperties) = preSolution
		HideSolutionNode = FALSE
	EndGlobalSection
	GlobalSection(ExtensibilityGlobals) = postSolution
		SolutionGuid = {C9487FAC-7B24-4897-B82C-BF631CF73897}
	EndGlobalSection
EndGlobal
