
Microsoft Visual Studio Solution File, Format Version 12.00
# Visual Studio Version 17
VisualStudioVersion = 17.0.31903.59
MinimumVisualStudioVersion = 10.0.40219.1
Project("{FAE04EC0-301F-11D3-BF4B-00C04F79EFBC}") = "ExemploFundamentos", "ExemploFundamentos\ExemploFundamentos.csproj", "{B370CECC-702A-408A-B40A-43B269DB7403}"
EndProject
Project("{FAE04EC0-301F-11D3-BF4B-00C04F79EFBC}") = "ExemploFundamentos.Common", "ExemploFundamentos.Common\ExemploFundamentos.Common.csproj", "{534F0261-AB23-4298-999C-CB366F1A0FC2}"
EndProject
Global
	GlobalSection(SolutionConfigurationPlatforms) = preSolution
		Debug|Any CPU = Debug|Any CPU
		Release|Any CPU = Release|Any CPU
	EndGlobalSection
	GlobalSection(SolutionProperties) = preSolution
		HideSolutionNode = FALSE
	EndGlobalSection
	GlobalSection(ProjectConfigurationPlatforms) = postSolution
		{B370CECC-702A-408A-B40A-43B269DB7403}.Debug|Any CPU.ActiveCfg = Debug|Any CPU
		{B370CECC-702A-408A-B40A-43B269DB7403}.Debug|Any CPU.Build.0 = Debug|Any CPU
		{B370CECC-702A-408A-B40A-43B269DB7403}.Release|Any CPU.ActiveCfg = Release|Any CPU
		{B370CECC-702A-408A-B40A-43B269DB7403}.Release|Any CPU.Build.0 = Release|Any CPU
		{534F0261-AB23-4298-999C-CB366F1A0FC2}.Debug|Any CPU.ActiveCfg = Debug|Any CPU
		{534F0261-AB23-4298-999C-CB366F1A0FC2}.Debug|Any CPU.Build.0 = Debug|Any CPU
		{534F0261-AB23-4298-999C-CB366F1A0FC2}.Release|Any CPU.ActiveCfg = Release|Any CPU
		{534F0261-AB23-4298-999C-CB366F1A0FC2}.Release|Any CPU.Build.0 = Release|Any CPU
	EndGlobalSection
EndGlobal
